Microsoft Visual Studio Solution File, Format Version 10.00
# Visual Studio 2008

Project("{ADC35F89-44A6-AE98-B389-B9862204DC71}") = "BoidsTest1", "Assembly-CSharp-firstpass.csproj", "{B7AAA9C1-7A54-23CC-4760-2139DD08492F}"
EndProject
Project("{ADC35F89-44A6-AE98-B389-B9862204DC71}") = "BoidsTest1", "Assembly-CSharp.csproj", "{BDAF2946-DD1A-E51F-0DF0-EDE6B49BB1DA}"
EndProject
Project("{ADC35F89-44A6-AE98-B389-B9862204DC71}") = "BoidsTest1", "Assembly-UnityScript-firstpass.unityproj", "{6DFDAD32-D9BF-1DA2-57C0-99BB87727883}"
EndProject
Global
	GlobalSection(SolutionConfigurationPlatforms) = preSolution
		Debug|Any CPU = Debug|Any CPU
		Release|Any CPU = Release|Any CPU
	EndGlobalSection
	GlobalSection(ProjectConfigurationPlatforms) = postSolution
		{B7AAA9C1-7A54-23CC-4760-2139DD08492F}.Debug|Any CPU.ActiveCfg = Debug|Any CPU
		{B7AAA9C1-7A54-23CC-4760-2139DD08492F}.Debug|Any CPU.Build.0 = Debug|Any CPU
		{B7AAA9C1-7A54-23CC-4760-2139DD08492F}.Release|Any CPU.ActiveCfg = Release|Any CPU
		{B7AAA9C1-7A54-23CC-4760-2139DD08492F}.Release|Any CPU.Build.0 = Release|Any CPU
		{BDAF2946-DD1A-E51F-0DF0-EDE6B49BB1DA}.Debug|Any CPU.ActiveCfg = Debug|Any CPU
		{BDAF2946-DD1A-E51F-0DF0-EDE6B49BB1DA}.Debug|Any CPU.Build.0 = Debug|Any CPU
		{BDAF2946-DD1A-E51F-0DF0-EDE6B49BB1DA}.Release|Any CPU.ActiveCfg = Release|Any CPU
		{BDAF2946-DD1A-E51F-0DF0-EDE6B49BB1DA}.Release|Any CPU.Build.0 = Release|Any CPU
		{6DFDAD32-D9BF-1DA2-57C0-99BB87727883}.Debug|Any CPU.ActiveCfg = Debug|Any CPU
		{6DFDAD32-D9BF-1DA2-57C0-99BB87727883}.Debug|Any CPU.Build.0 = Debug|Any CPU
		{6DFDAD32-D9BF-1DA2-57C0-99BB87727883}.Release|Any CPU.ActiveCfg = Release|Any CPU
		{6DFDAD32-D9BF-1DA2-57C0-99BB87727883}.Release|Any CPU.Build.0 = Release|Any CPU
	EndGlobalSection
	GlobalSection(SolutionProperties) = preSolution
		HideSolutionNode = FALSE
	EndGlobalSection
	
EndGlobal
